
Microsoft Visual Studio Solution File, Format Version 12.00
# Visual Studio Version 17
VisualStudioVersion = 17.2.32630.192
MinimumVisualStudioVersion = 10.0.40219.1
Project("{9A19103F-16F7-4668-BE54-9A1E7A4F7556}") = "R5T.T0222.Construction", "R5T.T0222.Construction\R5T.T0222.Construction.csproj", "{D7A26F70-F2D6-468E-94D0-50B457E5A132}"
EndProject
Project("{9A19103F-16F7-4668-BE54-9A1E7A4F7556}") = "R5T.T0222", "R5T.T0222\R5T.T0222.csproj", "{43AEEEB3-548F-4678-940A-0CE5C744F4F7}"
EndProject
Project("{2150E333-8FDC-42A3-9474-1A3956D46DE8}") = "_Dependencies", "_Dependencies", "{D280FEFB-27A1-4255-B0E2-5CE027DFD70D}"
EndProject
Project("{9A19103F-16F7-4668-BE54-9A1E7A4F7556}") = "R5T.T0132", "..\..\R5T.T0132\source\R5T.T0132\R5T.T0132.csproj", "{400784F2-EDC4-4ACF-9BBB-06A19AEB5C38}"
EndProject
Project("{9A19103F-16F7-4668-BE54-9A1E7A4F7556}") = "R5T.T0143", "..\..\R5T.T0143\source\R5T.T0143\R5T.T0143.csproj", "{15AB07B0-D1E6-42B1-A24A-29F35953C784}"
EndProject
Project("{9A19103F-16F7-4668-BE54-9A1E7A4F7556}") = "R5T.T0178", "..\..\R5T.T0178\source\R5T.T0178\R5T.T0178.csproj", "{EFDDD798-817E-4DB0-A0B3-2C6F2015AE6F}"
EndProject
Project("{9A19103F-16F7-4668-BE54-9A1E7A4F7556}") = "R5T.T0179", "..\..\R5T.T0179\source\R5T.T0179\R5T.T0179.csproj", "{5D242365-C0B8-464C-8670-CCA35A57B19D}"
EndProject
Global
	GlobalSection(NestedProjects) = preSolution
		{400784F2-EDC4-4ACF-9BBB-06A19AEB5C38} = {D280FEFB-27A1-4255-B0E2-5CE027DFD70D}
		{15AB07B0-D1E6-42B1-A24A-29F35953C784} = {D280FEFB-27A1-4255-B0E2-5CE027DFD70D}
		{EFDDD798-817E-4DB0-A0B3-2C6F2015AE6F} = {D280FEFB-27A1-4255-B0E2-5CE027DFD70D}
		{5D242365-C0B8-464C-8670-CCA35A57B19D} = {D280FEFB-27A1-4255-B0E2-5CE027DFD70D}
	EndGlobalSection
	GlobalSection(SolutionConfigurationPlatforms) = preSolution
		Debug|Any CPU = Debug|Any CPU
		Release|Any CPU = Release|Any CPU
	EndGlobalSection
	GlobalSection(ProjectConfigurationPlatforms) = postSolution
		{D7A26F70-F2D6-468E-94D0-50B457E5A132}.Debug|Any CPU.ActiveCfg = Debug|Any CPU
		{D7A26F70-F2D6-468E-94D0-50B457E5A132}.Debug|Any CPU.Build.0 = Debug|Any CPU
		{D7A26F70-F2D6-468E-94D0-50B457E5A132}.Release|Any CPU.ActiveCfg = Release|Any CPU
		{D7A26F70-F2D6-468E-94D0-50B457E5A132}.Release|Any CPU.Build.0 = Release|Any CPU
		{43AEEEB3-548F-4678-940A-0CE5C744F4F7}.Debug|Any CPU.ActiveCfg = Debug|Any CPU
		{43AEEEB3-548F-4678-940A-0CE5C744F4F7}.Debug|Any CPU.Build.0 = Debug|Any CPU
		{43AEEEB3-548F-4678-940A-0CE5C744F4F7}.Release|Any CPU.ActiveCfg = Release|Any CPU
		{43AEEEB3-548F-4678-940A-0CE5C744F4F7}.Release|Any CPU.Build.0 = Release|Any CPU
		{400784F2-EDC4-4ACF-9BBB-06A19AEB5C38}.Debug|Any CPU.ActiveCfg = Debug|Any CPU
		{400784F2-EDC4-4ACF-9BBB-06A19AEB5C38}.Debug|Any CPU.Build.0 = Debug|Any CPU
		{400784F2-EDC4-4ACF-9BBB-06A19AEB5C38}.Release|Any CPU.ActiveCfg = Release|Any CPU
		{400784F2-EDC4-4ACF-9BBB-06A19AEB5C38}.Release|Any CPU.Build.0 = Release|Any CPU
		{15AB07B0-D1E6-42B1-A24A-29F35953C784}.Debug|Any CPU.ActiveCfg = Debug|Any CPU
		{15AB07B0-D1E6-42B1-A24A-29F35953C784}.Debug|Any CPU.Build.0 = Debug|Any CPU
		{15AB07B0-D1E6-42B1-A24A-29F35953C784}.Release|Any CPU.ActiveCfg = Release|Any CPU
		{15AB07B0-D1E6-42B1-A24A-29F35953C784}.Release|Any CPU.Build.0 = Release|Any CPU
		{EFDDD798-817E-4DB0-A0B3-2C6F2015AE6F}.Debug|Any CPU.ActiveCfg = Debug|Any CPU
		{EFDDD798-817E-4DB0-A0B3-2C6F2015AE6F}.Debug|Any CPU.Build.0 = Debug|Any CPU
		{EFDDD798-817E-4DB0-A0B3-2C6F2015AE6F}.Release|Any CPU.ActiveCfg = Release|Any CPU
		{EFDDD798-817E-4DB0-A0B3-2C6F2015AE6F}.Release|Any CPU.Build.0 = Release|Any CPU
		{5D242365-C0B8-464C-8670-CCA35A57B19D}.Debug|Any CPU.ActiveCfg = Debug|Any CPU
		{5D242365-C0B8-464C-8670-CCA35A57B19D}.Debug|Any CPU.Build.0 = Debug|Any CPU
		{5D242365-C0B8-464C-8670-CCA35A57B19D}.Release|Any CPU.ActiveCfg = Release|Any CPU
		{5D242365-C0B8-464C-8670-CCA35A57B19D}.Release|Any CPU.Build.0 = Release|Any CPU
	EndGlobalSection
	GlobalSection(SolutionProperties) = preSolution
		HideSolutionNode = FALSE
	EndGlobalSection
	GlobalSection(ExtensibilityGlobals) = postSolution
		SolutionGuid = {D79B94CE-0F61-4FC8-A55D-3373558711F5}
	EndGlobalSection
EndGlobal
