
Microsoft Visual Studio Solution File, Format Version 12.00
# Visual Studio Version 17
VisualStudioVersion = 17.2.32630.192
MinimumVisualStudioVersion = 10.0.40219.1
Project("{9A19103F-16F7-4668-BE54-9A1E7A4F7556}") = "R5T.T0222", "R5T.T0222\R5T.T0222.csproj", "{A57E1114-603E-4FD0-9847-DEAB1CD3214E}"
EndProject
Project("{2150E333-8FDC-42A3-9474-1A3956D46DE8}") = "_Dependencies", "_Dependencies", "{6ED0E176-9CDE-477B-90BD-EC0F4C963E86}"
EndProject
Project("{9A19103F-16F7-4668-BE54-9A1E7A4F7556}") = "R5T.T0132", "..\..\R5T.T0132\source\R5T.T0132\R5T.T0132.csproj", "{780B9F40-EBA7-4BEB-B76B-1FED9B058B97}"
EndProject
Project("{9A19103F-16F7-4668-BE54-9A1E7A4F7556}") = "R5T.T0143", "..\..\R5T.T0143\source\R5T.T0143\R5T.T0143.csproj", "{90526E3D-C4AA-4C43-A7F5-5E1657E6A66A}"
EndProject
Project("{9A19103F-16F7-4668-BE54-9A1E7A4F7556}") = "R5T.T0178", "..\..\R5T.T0178\source\R5T.T0178\R5T.T0178.csproj", "{A04722A4-CA7D-44F8-8D57-00F6F38FF8D8}"
EndProject
Project("{9A19103F-16F7-4668-BE54-9A1E7A4F7556}") = "R5T.T0179", "..\..\R5T.T0179\source\R5T.T0179\R5T.T0179.csproj", "{ADE3D6B9-FCAB-474A-9346-BBA6FE41DC58}"
EndProject
Global
	GlobalSection(NestedProjects) = preSolution
		{780B9F40-EBA7-4BEB-B76B-1FED9B058B97} = {6ED0E176-9CDE-477B-90BD-EC0F4C963E86}
		{90526E3D-C4AA-4C43-A7F5-5E1657E6A66A} = {6ED0E176-9CDE-477B-90BD-EC0F4C963E86}
		{A04722A4-CA7D-44F8-8D57-00F6F38FF8D8} = {6ED0E176-9CDE-477B-90BD-EC0F4C963E86}
		{ADE3D6B9-FCAB-474A-9346-BBA6FE41DC58} = {6ED0E176-9CDE-477B-90BD-EC0F4C963E86}
	EndGlobalSection
	GlobalSection(SolutionConfigurationPlatforms) = preSolution
		Debug|Any CPU = Debug|Any CPU
		Release|Any CPU = Release|Any CPU
	EndGlobalSection
	GlobalSection(ProjectConfigurationPlatforms) = postSolution
		{A57E1114-603E-4FD0-9847-DEAB1CD3214E}.Debug|Any CPU.ActiveCfg = Debug|Any CPU
		{A57E1114-603E-4FD0-9847-DEAB1CD3214E}.Debug|Any CPU.Build.0 = Debug|Any CPU
		{A57E1114-603E-4FD0-9847-DEAB1CD3214E}.Release|Any CPU.ActiveCfg = Release|Any CPU
		{A57E1114-603E-4FD0-9847-DEAB1CD3214E}.Release|Any CPU.Build.0 = Release|Any CPU
		{780B9F40-EBA7-4BEB-B76B-1FED9B058B97}.Debug|Any CPU.ActiveCfg = Debug|Any CPU
		{780B9F40-EBA7-4BEB-B76B-1FED9B058B97}.Debug|Any CPU.Build.0 = Debug|Any CPU
		{780B9F40-EBA7-4BEB-B76B-1FED9B058B97}.Release|Any CPU.ActiveCfg = Release|Any CPU
		{780B9F40-EBA7-4BEB-B76B-1FED9B058B97}.Release|Any CPU.Build.0 = Release|Any CPU
		{90526E3D-C4AA-4C43-A7F5-5E1657E6A66A}.Debug|Any CPU.ActiveCfg = Debug|Any CPU
		{90526E3D-C4AA-4C43-A7F5-5E1657E6A66A}.Debug|Any CPU.Build.0 = Debug|Any CPU
		{90526E3D-C4AA-4C43-A7F5-5E1657E6A66A}.Release|Any CPU.ActiveCfg = Release|Any CPU
		{90526E3D-C4AA-4C43-A7F5-5E1657E6A66A}.Release|Any CPU.Build.0 = Release|Any CPU
		{A04722A4-CA7D-44F8-8D57-00F6F38FF8D8}.Debug|Any CPU.ActiveCfg = Debug|Any CPU
		{A04722A4-CA7D-44F8-8D57-00F6F38FF8D8}.Debug|Any CPU.Build.0 = Debug|Any CPU
		{A04722A4-CA7D-44F8-8D57-00F6F38FF8D8}.Release|Any CPU.ActiveCfg = Release|Any CPU
		{A04722A4-CA7D-44F8-8D57-00F6F38FF8D8}.Release|Any CPU.Build.0 = Release|Any CPU
		{ADE3D6B9-FCAB-474A-9346-BBA6FE41DC58}.Debug|Any CPU.ActiveCfg = Debug|Any CPU
		{ADE3D6B9-FCAB-474A-9346-BBA6FE41DC58}.Debug|Any CPU.Build.0 = Debug|Any CPU
		{ADE3D6B9-FCAB-474A-9346-BBA6FE41DC58}.Release|Any CPU.ActiveCfg = Release|Any CPU
		{ADE3D6B9-FCAB-474A-9346-BBA6FE41DC58}.Release|Any CPU.Build.0 = Release|Any CPU
	EndGlobalSection
	GlobalSection(SolutionProperties) = preSolution
		HideSolutionNode = FALSE
	EndGlobalSection
	GlobalSection(ExtensibilityGlobals) = postSolution
		SolutionGuid = {2D51BCA4-B63B-44B6-A9AE-8FF99C610B22}
	EndGlobalSection
EndGlobal
